
Microsoft Visual Studio Solution File, Format Version 12.00
# Visual Studio Version 17
VisualStudioVersion = 17.2.32630.192
MinimumVisualStudioVersion = 10.0.40219.1
Project("{FAE04EC0-301F-11D3-BF4B-00C04F79EFBC}") = "OnlineBookStore", "OnlineBookStore\OnlineBookStore.csproj", "{EFB23A49-1D78-4066-A363-6076F7911630}"
EndProject
Global
	GlobalSection(SolutionConfigurationPlatforms) = preSolution
		Debug|Any CPU = Debug|Any CPU
		Release|Any CPU = Release|Any CPU
	EndGlobalSection
	GlobalSection(ProjectConfigurationPlatforms) = postSolution
		{EFB23A49-1D78-4066-A363-6076F7911630}.Debug|Any CPU.ActiveCfg = Debug|Any CPU
		{EFB23A49-1D78-4066-A363-6076F7911630}.Debug|Any CPU.Build.0 = Debug|Any CPU
		{EFB23A49-1D78-4066-A363-6076F7911630}.Release|Any CPU.ActiveCfg = Release|Any CPU
		{EFB23A49-1D78-4066-A363-6076F7911630}.Release|Any CPU.Build.0 = Release|Any CPU
	EndGlobalSection
	GlobalSection(SolutionProperties) = preSolution
		HideSolutionNode = FALSE
	EndGlobalSection
	GlobalSection(ExtensibilityGlobals) = postSolution
		SolutionGuid = {E7964937-A37C-477C-825B-377AC06E20D2}
	EndGlobalSection
EndGlobal
